
Microsoft Visual Studio Solution File, Format Version 12.00
# Visual Studio Version 17
VisualStudioVersion = 17.11.35312.102
MinimumVisualStudioVersion = 10.0.40219.1
Project("{2150E333-8FDC-42A3-9474-1A3956D46DE8}") = "src", "src", "{D9601ACB-0390-4B9D-B3D9-BE47FE5FCF75}"
EndProject
Project("{2150E333-8FDC-42A3-9474-1A3956D46DE8}") = "PublicApi", "PublicApi", "{FE0589C6-0E12-4846-8633-C2414FDA10B2}"
EndProject
Project("{2150E333-8FDC-42A3-9474-1A3956D46DE8}") = "Data", "Data", "{4562BEFE-2BDC-452A-B6E5-1B6A365A794E}"
EndProject
Project("{2150E333-8FDC-42A3-9474-1A3956D46DE8}") = "Core", "Core", "{EBDB93FA-CCCC-4EC0-8015-213BD8DFA5AE}"
EndProject
Project("{2150E333-8FDC-42A3-9474-1A3956D46DE8}") = "Application", "Application", "{05E3F6CA-4A01-477B-8EA9-A1AF6E3CF70B}"
EndProject
Project("{9A19103F-16F7-4668-BE54-9A1E7A4F7556}") = "TaskManager.PublicApi", "src\PublicApi\TaskManager.PublicApi\TaskManager.PublicApi.csproj", "{9BBBC0DF-7EA1-4ECA-9E45-4F5D44E93CB0}"
EndProject
Project("{9A19103F-16F7-4668-BE54-9A1E7A4F7556}") = "TaskManager.Data", "src\Data\TaskManager.Data\TaskManager.Data.csproj", "{A89F40EA-EAC3-4257-A860-F76F2C702E4C}"
EndProject
Project("{9A19103F-16F7-4668-BE54-9A1E7A4F7556}") = "TaskManager.Core.Entities", "src\Core\TaskManager.Core.Entities\TaskManager.Core.Entities.csproj", "{D9E91C75-450E-4BC8-8D4D-492438962030}"
EndProject
Project("{9A19103F-16F7-4668-BE54-9A1E7A4F7556}") = "TaskManager.Core.Interfaces", "src\Core\TaskManager.Core.Interfaces\TaskManager.Core.Interfaces.csproj", "{B78A4518-6D64-44A6-B4FE-58A79AD3AB6C}"
EndProject
Project("{9A19103F-16F7-4668-BE54-9A1E7A4F7556}") = "TaskManager.Application", "src\Application\TaskManager.Application\TaskManager.Application.csproj", "{02FA1F59-E406-415F-BF9A-580F0EE64A53}"
EndProject
Project("{FAE04EC0-301F-11D3-BF4B-00C04F79EFBC}") = "TaskManager.Application.Tests", "src\Application\TaskManager.Application.Tests\TaskManager.Application.Tests.csproj", "{C5671450-36B6-4A2A-9EB5-F3F728A83323}"
EndProject
Global
	GlobalSection(SolutionConfigurationPlatforms) = preSolution
		Debug|Any CPU = Debug|Any CPU
		Release|Any CPU = Release|Any CPU
	EndGlobalSection
	GlobalSection(ProjectConfigurationPlatforms) = postSolution
		{9BBBC0DF-7EA1-4ECA-9E45-4F5D44E93CB0}.Debug|Any CPU.ActiveCfg = Debug|Any CPU
		{9BBBC0DF-7EA1-4ECA-9E45-4F5D44E93CB0}.Debug|Any CPU.Build.0 = Debug|Any CPU
		{9BBBC0DF-7EA1-4ECA-9E45-4F5D44E93CB0}.Release|Any CPU.ActiveCfg = Release|Any CPU
		{9BBBC0DF-7EA1-4ECA-9E45-4F5D44E93CB0}.Release|Any CPU.Build.0 = Release|Any CPU
		{A89F40EA-EAC3-4257-A860-F76F2C702E4C}.Debug|Any CPU.ActiveCfg = Debug|Any CPU
		{A89F40EA-EAC3-4257-A860-F76F2C702E4C}.Debug|Any CPU.Build.0 = Debug|Any CPU
		{A89F40EA-EAC3-4257-A860-F76F2C702E4C}.Release|Any CPU.ActiveCfg = Release|Any CPU
		{A89F40EA-EAC3-4257-A860-F76F2C702E4C}.Release|Any CPU.Build.0 = Release|Any CPU
		{D9E91C75-450E-4BC8-8D4D-492438962030}.Debug|Any CPU.ActiveCfg = Debug|Any CPU
		{D9E91C75-450E-4BC8-8D4D-492438962030}.Debug|Any CPU.Build.0 = Debug|Any CPU
		{D9E91C75-450E-4BC8-8D4D-492438962030}.Release|Any CPU.ActiveCfg = Release|Any CPU
		{D9E91C75-450E-4BC8-8D4D-492438962030}.Release|Any CPU.Build.0 = Release|Any CPU
		{B78A4518-6D64-44A6-B4FE-58A79AD3AB6C}.Debug|Any CPU.ActiveCfg = Debug|Any CPU
		{B78A4518-6D64-44A6-B4FE-58A79AD3AB6C}.Debug|Any CPU.Build.0 = Debug|Any CPU
		{B78A4518-6D64-44A6-B4FE-58A79AD3AB6C}.Release|Any CPU.ActiveCfg = Release|Any CPU
		{B78A4518-6D64-44A6-B4FE-58A79AD3AB6C}.Release|Any CPU.Build.0 = Release|Any CPU
		{02FA1F59-E406-415F-BF9A-580F0EE64A53}.Debug|Any CPU.ActiveCfg = Debug|Any CPU
		{02FA1F59-E406-415F-BF9A-580F0EE64A53}.Debug|Any CPU.Build.0 = Debug|Any CPU
		{02FA1F59-E406-415F-BF9A-580F0EE64A53}.Release|Any CPU.ActiveCfg = Release|Any CPU
		{02FA1F59-E406-415F-BF9A-580F0EE64A53}.Release|Any CPU.Build.0 = Release|Any CPU
		{C5671450-36B6-4A2A-9EB5-F3F728A83323}.Debug|Any CPU.ActiveCfg = Debug|Any CPU
		{C5671450-36B6-4A2A-9EB5-F3F728A83323}.Debug|Any CPU.Build.0 = Debug|Any CPU
		{C5671450-36B6-4A2A-9EB5-F3F728A83323}.Release|Any CPU.ActiveCfg = Release|Any CPU
		{C5671450-36B6-4A2A-9EB5-F3F728A83323}.Release|Any CPU.Build.0 = Release|Any CPU
	EndGlobalSection
	GlobalSection(SolutionProperties) = preSolution
		HideSolutionNode = FALSE
	EndGlobalSection
	GlobalSection(NestedProjects) = preSolution
		{FE0589C6-0E12-4846-8633-C2414FDA10B2} = {D9601ACB-0390-4B9D-B3D9-BE47FE5FCF75}
		{4562BEFE-2BDC-452A-B6E5-1B6A365A794E} = {D9601ACB-0390-4B9D-B3D9-BE47FE5FCF75}
		{EBDB93FA-CCCC-4EC0-8015-213BD8DFA5AE} = {D9601ACB-0390-4B9D-B3D9-BE47FE5FCF75}
		{05E3F6CA-4A01-477B-8EA9-A1AF6E3CF70B} = {D9601ACB-0390-4B9D-B3D9-BE47FE5FCF75}
		{9BBBC0DF-7EA1-4ECA-9E45-4F5D44E93CB0} = {FE0589C6-0E12-4846-8633-C2414FDA10B2}
		{A89F40EA-EAC3-4257-A860-F76F2C702E4C} = {4562BEFE-2BDC-452A-B6E5-1B6A365A794E}
		{D9E91C75-450E-4BC8-8D4D-492438962030} = {EBDB93FA-CCCC-4EC0-8015-213BD8DFA5AE}
		{B78A4518-6D64-44A6-B4FE-58A79AD3AB6C} = {EBDB93FA-CCCC-4EC0-8015-213BD8DFA5AE}
		{02FA1F59-E406-415F-BF9A-580F0EE64A53} = {05E3F6CA-4A01-477B-8EA9-A1AF6E3CF70B}
		{C5671450-36B6-4A2A-9EB5-F3F728A83323} = {05E3F6CA-4A01-477B-8EA9-A1AF6E3CF70B}
	EndGlobalSection
	GlobalSection(ExtensibilityGlobals) = postSolution
		SolutionGuid = {D21E1920-7EA2-41F3-AA5D-A598681BB756}
	EndGlobalSection
EndGlobal
